
Microsoft Visual Studio Solution File, Format Version 12.00
# Visual Studio 14
VisualStudioVersion = 14.0.25420.1
MinimumVisualStudioVersion = 10.0.40219.1
Project("{8BC9CEB8-8B4A-11D0-8D11-00A0C91BC942}") = "_DEFAULT", "_DEFAULT.vcxproj", "{70B14E82-21E2-5842-A4A3-2358F8E7E30B}"
EndProject
Project("{8BC9CEB8-8B4A-11D0-8D11-00A0C91BC942}") = "_GENERATE_VCXPROJ", "_GENERATE_VCXPROJ.vcxproj", "{EBF61EF1-9FDD-536D-A602-53A8E81FC5BE}"
EndProject
Project("{8BC9CEB8-8B4A-11D0-8D11-00A0C91BC942}") = "lib - protorpc", "protorpc\protorpc.vcxproj", "{050DDF54-1308-58A9-AB43-CF3C23C14F47}"
EndProject
Project("{8BC9CEB8-8B4A-11D0-8D11-00A0C91BC942}") = "test - protorpc", "test_protorpc.vcxproj", "{719A914E-A620-52CF-83FD-504BB165A7BA}"
EndProject
Project("{8BC9CEB8-8B4A-11D0-8D11-00A0C91BC942}") = "test - str", "test_str.vcxproj", "{E2DAA550-9C2D-5AD0-B766-43EF9AAC47CD}"
EndProject
Project("{8BC9CEB8-8B4A-11D0-8D11-00A0C91BC942}") = "bin - protoc-gen-protorpc", "protoc\protoc-gen-protorpc.vcxproj", "{68F53FF6-D3E2-5A43-848B-9DD3E6282E2D}"
EndProject
Project("{8BC9CEB8-8B4A-11D0-8D11-00A0C91BC942}") = "bin - protoc-gen-twirp-js", "protoc\protoc-gen-twirp-js.vcxproj", "{3FD9C97E-4EB8-51F5-BAF8-7D079F0BFED4}"
EndProject
Project("{8BC9CEB8-8B4A-11D0-8D11-00A0C91BC942}") = "bin - rpc-file-compiler", "rpc-file-compiler\rpc-file-compiler.vcxproj", "{3083AEF7-713A-529B-AD68-85050A5B2163}"
EndProject
Project("{8BC9CEB8-8B4A-11D0-8D11-00A0C91BC942}") = "test - rpc-file-compiler", "rpc-file-compiler\rpc-file-compiler_test.vcxproj", "{1A07B608-5205-5733-966E-9614BDABD2B4}"
EndProject
Project("{8BC9CEB8-8B4A-11D0-8D11-00A0C91BC942}") = "bin - protorpc-example", "protorpc-example\protorpc-example.vcxproj", "{756D8397-6198-5DAF-8CD9-F040FAC20262}"
EndProject
Global
	GlobalSection(SolutionConfigurationPlatforms) = preSolution
		Debug|ALL = Debug|ALL
		Release|ALL = Release|ALL
	EndGlobalSection
	GlobalSection(ProjectConfigurationPlatforms) = postSolution
		{050DDF54-1308-58A9-AB43-CF3C23C14F47}.Debug|ALL.ActiveCfg = Debug|Win32
		{050DDF54-1308-58A9-AB43-CF3C23C14F47}.Release|ALL.ActiveCfg = Release|Win32
		{719A914E-A620-52CF-83FD-504BB165A7BA}.Debug|ALL.ActiveCfg = Debug|Win32
		{719A914E-A620-52CF-83FD-504BB165A7BA}.Release|ALL.ActiveCfg = Release|Win32
		{E2DAA550-9C2D-5AD0-B766-43EF9AAC47CD}.Debug|ALL.ActiveCfg = Debug|Win32
		{E2DAA550-9C2D-5AD0-B766-43EF9AAC47CD}.Release|ALL.ActiveCfg = Release|Win32
		{68F53FF6-D3E2-5A43-848B-9DD3E6282E2D}.Debug|ALL.ActiveCfg = Debug|Win32
		{68F53FF6-D3E2-5A43-848B-9DD3E6282E2D}.Release|ALL.ActiveCfg = Release|Win32
		{3FD9C97E-4EB8-51F5-BAF8-7D079F0BFED4}.Debug|ALL.ActiveCfg = Debug|Win32
		{3FD9C97E-4EB8-51F5-BAF8-7D079F0BFED4}.Release|ALL.ActiveCfg = Release|Win32
		{3083AEF7-713A-529B-AD68-85050A5B2163}.Debug|ALL.ActiveCfg = Debug|Win32
		{3083AEF7-713A-529B-AD68-85050A5B2163}.Release|ALL.ActiveCfg = Release|Win32
		{1A07B608-5205-5733-966E-9614BDABD2B4}.Debug|ALL.ActiveCfg = Debug|Win32
		{1A07B608-5205-5733-966E-9614BDABD2B4}.Release|ALL.ActiveCfg = Release|Win32
		{756D8397-6198-5DAF-8CD9-F040FAC20262}.Debug|ALL.ActiveCfg = Debug|Win32
		{756D8397-6198-5DAF-8CD9-F040FAC20262}.Release|ALL.ActiveCfg = Release|Win32
		{EBF61EF1-9FDD-536D-A602-53A8E81FC5BE}.Debug|ALL.ActiveCfg = Debug|Win32
		{EBF61EF1-9FDD-536D-A602-53A8E81FC5BE}.Release|ALL.ActiveCfg = Release|Win32
		{70B14E82-21E2-5842-A4A3-2358F8E7E30B}.Debug|ALL.ActiveCfg = Debug|Win32
		{70B14E82-21E2-5842-A4A3-2358F8E7E30B}.Debug|ALL.Build.0 = Debug|Win32
		{70B14E82-21E2-5842-A4A3-2358F8E7E30B}.Release|ALL.ActiveCfg = Release|Win32
		{70B14E82-21E2-5842-A4A3-2358F8E7E30B}.Release|ALL.Build.0 = Release|Win32
	EndGlobalSection
	GlobalSection(SolutionProperties) = preSolution
		HideSolutionNode = FALSE
	EndGlobalSection
EndGlobal
